
Microsoft Visual Studio Solution File, Format Version 12.00
# Visual Studio 2013
VisualStudioVersion = 12.0.30501.0
MinimumVisualStudioVersion = 10.0.40219.1
Project("{2150E333-8FDC-42A3-9474-1A3956D46DE8}") = "S1Nyan.App.WinRT", "S1Nyan.App.WinRT", "{28393F29-6069-4CE1-8021-3925996149AA}"
EndProject
Project("{D954291E-2A0B-460D-934E-DC6B0785DB48}") = "S1Nyan.App.WinRT.Shared", "S1Nyan.App.WinRT\S1Nyan.App.WinRT.Shared\S1Nyan.App.WinRT.Shared.shproj", "{6658C202-A8CB-464F-95D2-EC2B8D3E6154}"
EndProject
Project("{FAE04EC0-301F-11D3-BF4B-00C04F79EFBC}") = "S1Nyan.App.WinRT.Windows", "S1Nyan.App.WinRT\S1Nyan.App.WinRT.Windows\S1Nyan.App.WinRT.Windows.csproj", "{801B0905-0B6A-4982-94A3-78357BA45515}"
EndProject
Project("{FAE04EC0-301F-11D3-BF4B-00C04F79EFBC}") = "S1Nyan.App.WinRT.WindowsPhone", "S1Nyan.App.WinRT\S1Nyan.App.WinRT.WindowsPhone\S1Nyan.App.WinRT.WindowsPhone.csproj", "{5007E456-1329-417D-BA9E-2CEE25566BDA}"
EndProject
Project("{FAE04EC0-301F-11D3-BF4B-00C04F79EFBC}") = "S1Parser.RT", "S1Parser.RT\S1Parser.RT.csproj", "{AF224003-D742-4419-AA82-BBF2BC13A54E}"
EndProject
Project("{FAE04EC0-301F-11D3-BF4B-00C04F79EFBC}") = "S1Nyan.Model.RT", "S1Nyan.Model.RT\S1Nyan.Model.RT.csproj", "{F317B3BF-5E63-43D0-8BF8-DFC09E45FD27}"
EndProject
Global
	GlobalSection(SharedMSBuildProjectFiles) = preSolution
		S1Nyan.App.WinRT\S1Nyan.App.WinRT.Shared\S1Nyan.App.WinRT.Shared.projitems*{801b0905-0b6a-4982-94a3-78357ba45515}*SharedItemsImports = 4
		S1Nyan.App.WinRT\S1Nyan.App.WinRT.Shared\S1Nyan.App.WinRT.Shared.projitems*{6658c202-a8cb-464f-95d2-ec2b8d3e6154}*SharedItemsImports = 13
		S1Nyan.App.WinRT\S1Nyan.App.WinRT.Shared\S1Nyan.App.WinRT.Shared.projitems*{5007e456-1329-417d-ba9e-2cee25566bda}*SharedItemsImports = 4
	EndGlobalSection
	GlobalSection(SolutionConfigurationPlatforms) = preSolution
		Beta|Any CPU = Beta|Any CPU
		Beta|ARM = Beta|ARM
		Beta|x64 = Beta|x64
		Beta|x86 = Beta|x86
		Debug|Any CPU = Debug|Any CPU
		Debug|ARM = Debug|ARM
		Debug|x64 = Debug|x64
		Debug|x86 = Debug|x86
		Release|Any CPU = Release|Any CPU
		Release|ARM = Release|ARM
		Release|x64 = Release|x64
		Release|x86 = Release|x86
	EndGlobalSection
	GlobalSection(ProjectConfigurationPlatforms) = postSolution
		{801B0905-0B6A-4982-94A3-78357BA45515}.Beta|Any CPU.ActiveCfg = Release|Any CPU
		{801B0905-0B6A-4982-94A3-78357BA45515}.Beta|Any CPU.Build.0 = Release|Any CPU
		{801B0905-0B6A-4982-94A3-78357BA45515}.Beta|Any CPU.Deploy.0 = Release|Any CPU
		{801B0905-0B6A-4982-94A3-78357BA45515}.Beta|ARM.ActiveCfg = Release|ARM
		{801B0905-0B6A-4982-94A3-78357BA45515}.Beta|ARM.Build.0 = Release|ARM
		{801B0905-0B6A-4982-94A3-78357BA45515}.Beta|ARM.Deploy.0 = Release|ARM
		{801B0905-0B6A-4982-94A3-78357BA45515}.Beta|x64.ActiveCfg = Release|x64
		{801B0905-0B6A-4982-94A3-78357BA45515}.Beta|x64.Build.0 = Release|x64
		{801B0905-0B6A-4982-94A3-78357BA45515}.Beta|x64.Deploy.0 = Release|x64
		{801B0905-0B6A-4982-94A3-78357BA45515}.Beta|x86.ActiveCfg = Release|x86
		{801B0905-0B6A-4982-94A3-78357BA45515}.Beta|x86.Build.0 = Release|x86
		{801B0905-0B6A-4982-94A3-78357BA45515}.Beta|x86.Deploy.0 = Release|x86
		{801B0905-0B6A-4982-94A3-78357BA45515}.Debug|Any CPU.ActiveCfg = Debug|Any CPU
		{801B0905-0B6A-4982-94A3-78357BA45515}.Debug|Any CPU.Build.0 = Debug|Any CPU
		{801B0905-0B6A-4982-94A3-78357BA45515}.Debug|Any CPU.Deploy.0 = Debug|Any CPU
		{801B0905-0B6A-4982-94A3-78357BA45515}.Debug|ARM.ActiveCfg = Debug|ARM
		{801B0905-0B6A-4982-94A3-78357BA45515}.Debug|ARM.Build.0 = Debug|ARM
		{801B0905-0B6A-4982-94A3-78357BA45515}.Debug|ARM.Deploy.0 = Debug|ARM
		{801B0905-0B6A-4982-94A3-78357BA45515}.Debug|x64.ActiveCfg = Debug|x64
		{801B0905-0B6A-4982-94A3-78357BA45515}.Debug|x64.Build.0 = Debug|x64
		{801B0905-0B6A-4982-94A3-78357BA45515}.Debug|x64.Deploy.0 = Debug|x64
		{801B0905-0B6A-4982-94A3-78357BA45515}.Debug|x86.ActiveCfg = Debug|x86
		{801B0905-0B6A-4982-94A3-78357BA45515}.Debug|x86.Build.0 = Debug|x86
		{801B0905-0B6A-4982-94A3-78357BA45515}.Debug|x86.Deploy.0 = Debug|x86
		{801B0905-0B6A-4982-94A3-78357BA45515}.Release|Any CPU.ActiveCfg = Release|Any CPU
		{801B0905-0B6A-4982-94A3-78357BA45515}.Release|Any CPU.Build.0 = Release|Any CPU
		{801B0905-0B6A-4982-94A3-78357BA45515}.Release|Any CPU.Deploy.0 = Release|Any CPU
		{801B0905-0B6A-4982-94A3-78357BA45515}.Release|ARM.ActiveCfg = Release|ARM
		{801B0905-0B6A-4982-94A3-78357BA45515}.Release|ARM.Build.0 = Release|ARM
		{801B0905-0B6A-4982-94A3-78357BA45515}.Release|ARM.Deploy.0 = Release|ARM
		{801B0905-0B6A-4982-94A3-78357BA45515}.Release|x64.ActiveCfg = Release|x64
		{801B0905-0B6A-4982-94A3-78357BA45515}.Release|x64.Build.0 = Release|x64
		{801B0905-0B6A-4982-94A3-78357BA45515}.Release|x64.Deploy.0 = Release|x64
		{801B0905-0B6A-4982-94A3-78357BA45515}.Release|x86.ActiveCfg = Release|x86
		{801B0905-0B6A-4982-94A3-78357BA45515}.Release|x86.Build.0 = Release|x86
		{801B0905-0B6A-4982-94A3-78357BA45515}.Release|x86.Deploy.0 = Release|x86
		{5007E456-1329-417D-BA9E-2CEE25566BDA}.Beta|Any CPU.ActiveCfg = Release|Any CPU
		{5007E456-1329-417D-BA9E-2CEE25566BDA}.Beta|Any CPU.Build.0 = Release|Any CPU
		{5007E456-1329-417D-BA9E-2CEE25566BDA}.Beta|Any CPU.Deploy.0 = Release|Any CPU
		{5007E456-1329-417D-BA9E-2CEE25566BDA}.Beta|ARM.ActiveCfg = Release|ARM
		{5007E456-1329-417D-BA9E-2CEE25566BDA}.Beta|ARM.Build.0 = Release|ARM
		{5007E456-1329-417D-BA9E-2CEE25566BDA}.Beta|ARM.Deploy.0 = Release|ARM
		{5007E456-1329-417D-BA9E-2CEE25566BDA}.Beta|x64.ActiveCfg = Release|Any CPU
		{5007E456-1329-417D-BA9E-2CEE25566BDA}.Beta|x86.ActiveCfg = Release|x86
		{5007E456-1329-417D-BA9E-2CEE25566BDA}.Beta|x86.Build.0 = Release|x86
		{5007E456-1329-417D-BA9E-2CEE25566BDA}.Beta|x86.Deploy.0 = Release|x86
		{5007E456-1329-417D-BA9E-2CEE25566BDA}.Debug|Any CPU.ActiveCfg = Debug|Any CPU
		{5007E456-1329-417D-BA9E-2CEE25566BDA}.Debug|Any CPU.Build.0 = Debug|Any CPU
		{5007E456-1329-417D-BA9E-2CEE25566BDA}.Debug|Any CPU.Deploy.0 = Debug|Any CPU
		{5007E456-1329-417D-BA9E-2CEE25566BDA}.Debug|ARM.ActiveCfg = Debug|ARM
		{5007E456-1329-417D-BA9E-2CEE25566BDA}.Debug|ARM.Build.0 = Debug|ARM
		{5007E456-1329-417D-BA9E-2CEE25566BDA}.Debug|ARM.Deploy.0 = Debug|ARM
		{5007E456-1329-417D-BA9E-2CEE25566BDA}.Debug|x64.ActiveCfg = Debug|Any CPU
		{5007E456-1329-417D-BA9E-2CEE25566BDA}.Debug|x86.ActiveCfg = Debug|x86
		{5007E456-1329-417D-BA9E-2CEE25566BDA}.Debug|x86.Build.0 = Debug|x86
		{5007E456-1329-417D-BA9E-2CEE25566BDA}.Debug|x86.Deploy.0 = Debug|x86
		{5007E456-1329-417D-BA9E-2CEE25566BDA}.Release|Any CPU.ActiveCfg = Release|Any CPU
		{5007E456-1329-417D-BA9E-2CEE25566BDA}.Release|Any CPU.Build.0 = Release|Any CPU
		{5007E456-1329-417D-BA9E-2CEE25566BDA}.Release|Any CPU.Deploy.0 = Release|Any CPU
		{5007E456-1329-417D-BA9E-2CEE25566BDA}.Release|ARM.ActiveCfg = Release|ARM
		{5007E456-1329-417D-BA9E-2CEE25566BDA}.Release|ARM.Build.0 = Release|ARM
		{5007E456-1329-417D-BA9E-2CEE25566BDA}.Release|ARM.Deploy.0 = Release|ARM
		{5007E456-1329-417D-BA9E-2CEE25566BDA}.Release|x64.ActiveCfg = Release|Any CPU
		{5007E456-1329-417D-BA9E-2CEE25566BDA}.Release|x86.ActiveCfg = Release|x86
		{5007E456-1329-417D-BA9E-2CEE25566BDA}.Release|x86.Build.0 = Release|x86
		{5007E456-1329-417D-BA9E-2CEE25566BDA}.Release|x86.Deploy.0 = Release|x86
		{AF224003-D742-4419-AA82-BBF2BC13A54E}.Beta|Any CPU.ActiveCfg = Beta|Any CPU
		{AF224003-D742-4419-AA82-BBF2BC13A54E}.Beta|Any CPU.Build.0 = Beta|Any CPU
		{AF224003-D742-4419-AA82-BBF2BC13A54E}.Beta|ARM.ActiveCfg = Beta|Any CPU
		{AF224003-D742-4419-AA82-BBF2BC13A54E}.Beta|x64.ActiveCfg = Beta|Any CPU
		{AF224003-D742-4419-AA82-BBF2BC13A54E}.Beta|x86.ActiveCfg = Beta|Any CPU
		{AF224003-D742-4419-AA82-BBF2BC13A54E}.Debug|Any CPU.ActiveCfg = Debug|Any CPU
		{AF224003-D742-4419-AA82-BBF2BC13A54E}.Debug|Any CPU.Build.0 = Debug|Any CPU
		{AF224003-D742-4419-AA82-BBF2BC13A54E}.Debug|ARM.ActiveCfg = Debug|Any CPU
		{AF224003-D742-4419-AA82-BBF2BC13A54E}.Debug|x64.ActiveCfg = Debug|Any CPU
		{AF224003-D742-4419-AA82-BBF2BC13A54E}.Debug|x86.ActiveCfg = Debug|Any CPU
		{AF224003-D742-4419-AA82-BBF2BC13A54E}.Release|Any CPU.ActiveCfg = Release|Any CPU
		{AF224003-D742-4419-AA82-BBF2BC13A54E}.Release|Any CPU.Build.0 = Release|Any CPU
		{AF224003-D742-4419-AA82-BBF2BC13A54E}.Release|ARM.ActiveCfg = Release|Any CPU
		{AF224003-D742-4419-AA82-BBF2BC13A54E}.Release|x64.ActiveCfg = Release|Any CPU
		{AF224003-D742-4419-AA82-BBF2BC13A54E}.Release|x86.ActiveCfg = Release|Any CPU
		{F317B3BF-5E63-43D0-8BF8-DFC09E45FD27}.Beta|Any CPU.ActiveCfg = Beta|Any CPU
		{F317B3BF-5E63-43D0-8BF8-DFC09E45FD27}.Beta|Any CPU.Build.0 = Beta|Any CPU
		{F317B3BF-5E63-43D0-8BF8-DFC09E45FD27}.Beta|ARM.ActiveCfg = Beta|Any CPU
		{F317B3BF-5E63-43D0-8BF8-DFC09E45FD27}.Beta|x64.ActiveCfg = Beta|Any CPU
		{F317B3BF-5E63-43D0-8BF8-DFC09E45FD27}.Beta|x86.ActiveCfg = Beta|Any CPU
		{F317B3BF-5E63-43D0-8BF8-DFC09E45FD27}.Debug|Any CPU.ActiveCfg = Debug|Any CPU
		{F317B3BF-5E63-43D0-8BF8-DFC09E45FD27}.Debug|Any CPU.Build.0 = Debug|Any CPU
		{F317B3BF-5E63-43D0-8BF8-DFC09E45FD27}.Debug|ARM.ActiveCfg = Debug|Any CPU
		{F317B3BF-5E63-43D0-8BF8-DFC09E45FD27}.Debug|x64.ActiveCfg = Debug|Any CPU
		{F317B3BF-5E63-43D0-8BF8-DFC09E45FD27}.Debug|x86.ActiveCfg = Debug|Any CPU
		{F317B3BF-5E63-43D0-8BF8-DFC09E45FD27}.Release|Any CPU.ActiveCfg = Release|Any CPU
		{F317B3BF-5E63-43D0-8BF8-DFC09E45FD27}.Release|Any CPU.Build.0 = Release|Any CPU
		{F317B3BF-5E63-43D0-8BF8-DFC09E45FD27}.Release|ARM.ActiveCfg = Release|Any CPU
		{F317B3BF-5E63-43D0-8BF8-DFC09E45FD27}.Release|x64.ActiveCfg = Release|Any CPU
		{F317B3BF-5E63-43D0-8BF8-DFC09E45FD27}.Release|x86.ActiveCfg = Release|Any CPU
	EndGlobalSection
	GlobalSection(SolutionProperties) = preSolution
		HideSolutionNode = FALSE
	EndGlobalSection
	GlobalSection(NestedProjects) = preSolution
		{6658C202-A8CB-464F-95D2-EC2B8D3E6154} = {28393F29-6069-4CE1-8021-3925996149AA}
		{801B0905-0B6A-4982-94A3-78357BA45515} = {28393F29-6069-4CE1-8021-3925996149AA}
		{5007E456-1329-417D-BA9E-2CEE25566BDA} = {28393F29-6069-4CE1-8021-3925996149AA}
	EndGlobalSection
EndGlobal
