
Microsoft Visual Studio Solution File, Format Version 12.00
# Visual Studio 2012
Project("{FAE04EC0-301F-11D3-BF4B-00C04F79EFBC}") = "S1Nyan.App.WP7", "S1Nyan.App.WP7\S1Nyan.App.WP7.csproj", "{6BCE3E09-BC72-4625-BFD2-B29E5D2D3538}"
	ProjectSection(ProjectDependencies) = postProject
		{5B98D3C8-D5CC-4844-A2EE-E9953F24D680} = {5B98D3C8-D5CC-4844-A2EE-E9953F24D680}
	EndProjectSection
EndProject
Project("{FAE04EC0-301F-11D3-BF4B-00C04F79EFBC}") = "Common.WP7", "Common.WP7\Common.WP7.csproj", "{E9106F50-2D2A-45DC-9711-1B3EEA85F56C}"
EndProject
Project("{FAE04EC0-301F-11D3-BF4B-00C04F79EFBC}") = "S1Parser", "S1Parser\S1Parser.csproj", "{8DD0F6E8-5387-407F-B5EF-992C408342B0}"
EndProject
Project("{FAE04EC0-301F-11D3-BF4B-00C04F79EFBC}") = "S1Parser.Test", "S1Parser.Test\S1Parser.Test.csproj", "{31381180-B243-4EB2-8E37-A5F9DE10E5E3}"
EndProject
Project("{FAE04EC0-301F-11D3-BF4B-00C04F79EFBC}") = "S1Nyan.Model", "S1Nyan.Model\S1Nyan.Model.csproj", "{AA9F65DC-13D3-441A-99E2-FBAFE0C4CE9C}"
EndProject
Project("{2150E333-8FDC-42A3-9474-1A3956D46DE8}") = ".nuget", ".nuget", "{10EAFA28-5627-4CA1-99EE-7E8867FE0070}"
	ProjectSection(SolutionItems) = preProject
		packages\Microsoft.Bcl.Build.1.0.10\tools\Microsoft.Bcl.Build.targets = packages\Microsoft.Bcl.Build.1.0.10\tools\Microsoft.Bcl.Build.targets
		.nuget\NuGet.Config = .nuget\NuGet.Config
		.nuget\NuGet.exe = .nuget\NuGet.exe
		.nuget\NuGet.targets = .nuget\NuGet.targets
	EndProjectSection
EndProject
Project("{2150E333-8FDC-42A3-9474-1A3956D46DE8}") = "Unit test", "Unit test", "{673D4544-2D4D-4B40-8B70-8F12EE528FC9}"
	ProjectSection(SolutionItems) = preProject
		S1Nyan.testsettings = S1Nyan.testsettings
	EndProjectSection
EndProject
Project("{FAE04EC0-301F-11D3-BF4B-00C04F79EFBC}") = "Microsoft.Phone.Controls.Toolkit.WP7", "Phone Toolkit\Microsoft.Phone.Controls.Toolkit.WP7\Microsoft.Phone.Controls.Toolkit.WP7.csproj", "{0754458A-7AFC-463A-B27D-2F6980522119}"
EndProject
Project("{FAE04EC0-301F-11D3-BF4B-00C04F79EFBC}") = "S1Nyan.Model.Test", "S1Nyan.Model.Test\S1Nyan.Model.Test.csproj", "{A0C34295-DA97-400C-B3CF-E3FC87391EBD}"
EndProject
Project("{2150E333-8FDC-42A3-9474-1A3956D46DE8}") = "doc", "doc", "{E3D69811-0165-496A-813B-638D8C63BE23}"
	ProjectSection(SolutionItems) = preProject
		doc\MainPage Logic.docx = doc\MainPage Logic.docx
		README.md = README.md
	EndProjectSection
EndProject
Project("{FAE04EC0-301F-11D3-BF4B-00C04F79EFBC}") = "S1Nyan.ViewModel", "S1Nyan.ViewModel\S1Nyan.ViewModel.csproj", "{5B98D3C8-D5CC-4844-A2EE-E9953F24D680}"
	ProjectSection(ProjectDependencies) = postProject
		{AA9F65DC-13D3-441A-99E2-FBAFE0C4CE9C} = {AA9F65DC-13D3-441A-99E2-FBAFE0C4CE9C}
		{8DD0F6E8-5387-407F-B5EF-992C408342B0} = {8DD0F6E8-5387-407F-B5EF-992C408342B0}
	EndProjectSection
EndProject
Global
	GlobalSection(SolutionConfigurationPlatforms) = preSolution
		Debug|Any CPU = Debug|Any CPU
		Debug|ARM = Debug|ARM
		Debug|Mixed Platforms = Debug|Mixed Platforms
		Debug|x64 = Debug|x64
		Debug|x86 = Debug|x86
		LocalDebug|Any CPU = LocalDebug|Any CPU
		LocalDebug|ARM = LocalDebug|ARM
		LocalDebug|Mixed Platforms = LocalDebug|Mixed Platforms
		LocalDebug|x64 = LocalDebug|x64
		LocalDebug|x86 = LocalDebug|x86
		Release|Any CPU = Release|Any CPU
		Release|ARM = Release|ARM
		Release|Mixed Platforms = Release|Mixed Platforms
		Release|x64 = Release|x64
		Release|x86 = Release|x86
	EndGlobalSection
	GlobalSection(ProjectConfigurationPlatforms) = postSolution
		{6BCE3E09-BC72-4625-BFD2-B29E5D2D3538}.Debug|Any CPU.ActiveCfg = Debug|Any CPU
		{6BCE3E09-BC72-4625-BFD2-B29E5D2D3538}.Debug|Any CPU.Build.0 = Debug|Any CPU
		{6BCE3E09-BC72-4625-BFD2-B29E5D2D3538}.Debug|Any CPU.Deploy.0 = Debug|Any CPU
		{6BCE3E09-BC72-4625-BFD2-B29E5D2D3538}.Debug|ARM.ActiveCfg = Debug|Any CPU
		{6BCE3E09-BC72-4625-BFD2-B29E5D2D3538}.Debug|Mixed Platforms.ActiveCfg = Debug|Any CPU
		{6BCE3E09-BC72-4625-BFD2-B29E5D2D3538}.Debug|Mixed Platforms.Build.0 = Debug|Any CPU
		{6BCE3E09-BC72-4625-BFD2-B29E5D2D3538}.Debug|Mixed Platforms.Deploy.0 = Debug|Any CPU
		{6BCE3E09-BC72-4625-BFD2-B29E5D2D3538}.Debug|x64.ActiveCfg = Debug|Any CPU
		{6BCE3E09-BC72-4625-BFD2-B29E5D2D3538}.Debug|x86.ActiveCfg = Debug|Any CPU
		{6BCE3E09-BC72-4625-BFD2-B29E5D2D3538}.LocalDebug|Any CPU.ActiveCfg = LocalDebug|Any CPU
		{6BCE3E09-BC72-4625-BFD2-B29E5D2D3538}.LocalDebug|Any CPU.Build.0 = LocalDebug|Any CPU
		{6BCE3E09-BC72-4625-BFD2-B29E5D2D3538}.LocalDebug|Any CPU.Deploy.0 = LocalDebug|Any CPU
		{6BCE3E09-BC72-4625-BFD2-B29E5D2D3538}.LocalDebug|ARM.ActiveCfg = LocalDebug|Any CPU
		{6BCE3E09-BC72-4625-BFD2-B29E5D2D3538}.LocalDebug|Mixed Platforms.ActiveCfg = LocalDebug|Any CPU
		{6BCE3E09-BC72-4625-BFD2-B29E5D2D3538}.LocalDebug|Mixed Platforms.Build.0 = LocalDebug|Any CPU
		{6BCE3E09-BC72-4625-BFD2-B29E5D2D3538}.LocalDebug|Mixed Platforms.Deploy.0 = LocalDebug|Any CPU
		{6BCE3E09-BC72-4625-BFD2-B29E5D2D3538}.LocalDebug|x64.ActiveCfg = LocalDebug|Any CPU
		{6BCE3E09-BC72-4625-BFD2-B29E5D2D3538}.LocalDebug|x86.ActiveCfg = LocalDebug|Any CPU
		{6BCE3E09-BC72-4625-BFD2-B29E5D2D3538}.Release|Any CPU.ActiveCfg = Release|Any CPU
		{6BCE3E09-BC72-4625-BFD2-B29E5D2D3538}.Release|Any CPU.Build.0 = Release|Any CPU
		{6BCE3E09-BC72-4625-BFD2-B29E5D2D3538}.Release|Any CPU.Deploy.0 = Release|Any CPU
		{6BCE3E09-BC72-4625-BFD2-B29E5D2D3538}.Release|ARM.ActiveCfg = Release|Any CPU
		{6BCE3E09-BC72-4625-BFD2-B29E5D2D3538}.Release|Mixed Platforms.ActiveCfg = Release|Any CPU
		{6BCE3E09-BC72-4625-BFD2-B29E5D2D3538}.Release|Mixed Platforms.Build.0 = Release|Any CPU
		{6BCE3E09-BC72-4625-BFD2-B29E5D2D3538}.Release|Mixed Platforms.Deploy.0 = Release|Any CPU
		{6BCE3E09-BC72-4625-BFD2-B29E5D2D3538}.Release|x64.ActiveCfg = Release|Any CPU
		{6BCE3E09-BC72-4625-BFD2-B29E5D2D3538}.Release|x86.ActiveCfg = Release|Any CPU
		{E9106F50-2D2A-45DC-9711-1B3EEA85F56C}.Debug|Any CPU.ActiveCfg = Debug|Any CPU
		{E9106F50-2D2A-45DC-9711-1B3EEA85F56C}.Debug|Any CPU.Build.0 = Debug|Any CPU
		{E9106F50-2D2A-45DC-9711-1B3EEA85F56C}.Debug|ARM.ActiveCfg = Debug|Any CPU
		{E9106F50-2D2A-45DC-9711-1B3EEA85F56C}.Debug|Mixed Platforms.ActiveCfg = Debug|Any CPU
		{E9106F50-2D2A-45DC-9711-1B3EEA85F56C}.Debug|Mixed Platforms.Build.0 = Debug|Any CPU
		{E9106F50-2D2A-45DC-9711-1B3EEA85F56C}.Debug|x64.ActiveCfg = Debug|Any CPU
		{E9106F50-2D2A-45DC-9711-1B3EEA85F56C}.Debug|x86.ActiveCfg = Debug|Any CPU
		{E9106F50-2D2A-45DC-9711-1B3EEA85F56C}.LocalDebug|Any CPU.ActiveCfg = Debug|Any CPU
		{E9106F50-2D2A-45DC-9711-1B3EEA85F56C}.LocalDebug|Any CPU.Build.0 = Debug|Any CPU
		{E9106F50-2D2A-45DC-9711-1B3EEA85F56C}.LocalDebug|ARM.ActiveCfg = Debug|Any CPU
		{E9106F50-2D2A-45DC-9711-1B3EEA85F56C}.LocalDebug|Mixed Platforms.ActiveCfg = Debug|Any CPU
		{E9106F50-2D2A-45DC-9711-1B3EEA85F56C}.LocalDebug|Mixed Platforms.Build.0 = Debug|Any CPU
		{E9106F50-2D2A-45DC-9711-1B3EEA85F56C}.LocalDebug|x64.ActiveCfg = Debug|Any CPU
		{E9106F50-2D2A-45DC-9711-1B3EEA85F56C}.LocalDebug|x86.ActiveCfg = Debug|Any CPU
		{E9106F50-2D2A-45DC-9711-1B3EEA85F56C}.Release|Any CPU.ActiveCfg = Release|Any CPU
		{E9106F50-2D2A-45DC-9711-1B3EEA85F56C}.Release|Any CPU.Build.0 = Release|Any CPU
		{E9106F50-2D2A-45DC-9711-1B3EEA85F56C}.Release|ARM.ActiveCfg = Release|Any CPU
		{E9106F50-2D2A-45DC-9711-1B3EEA85F56C}.Release|Mixed Platforms.ActiveCfg = Release|Any CPU
		{E9106F50-2D2A-45DC-9711-1B3EEA85F56C}.Release|Mixed Platforms.Build.0 = Release|Any CPU
		{E9106F50-2D2A-45DC-9711-1B3EEA85F56C}.Release|x64.ActiveCfg = Release|Any CPU
		{E9106F50-2D2A-45DC-9711-1B3EEA85F56C}.Release|x86.ActiveCfg = Release|Any CPU
		{8DD0F6E8-5387-407F-B5EF-992C408342B0}.Debug|Any CPU.ActiveCfg = Debug|Any CPU
		{8DD0F6E8-5387-407F-B5EF-992C408342B0}.Debug|Any CPU.Build.0 = Debug|Any CPU
		{8DD0F6E8-5387-407F-B5EF-992C408342B0}.Debug|ARM.ActiveCfg = Debug|Any CPU
		{8DD0F6E8-5387-407F-B5EF-992C408342B0}.Debug|Mixed Platforms.ActiveCfg = Debug|Any CPU
		{8DD0F6E8-5387-407F-B5EF-992C408342B0}.Debug|Mixed Platforms.Build.0 = Debug|Any CPU
		{8DD0F6E8-5387-407F-B5EF-992C408342B0}.Debug|x64.ActiveCfg = Debug|Any CPU
		{8DD0F6E8-5387-407F-B5EF-992C408342B0}.Debug|x86.ActiveCfg = Debug|Any CPU
		{8DD0F6E8-5387-407F-B5EF-992C408342B0}.LocalDebug|Any CPU.ActiveCfg = LocalDebug|Any CPU
		{8DD0F6E8-5387-407F-B5EF-992C408342B0}.LocalDebug|Any CPU.Build.0 = LocalDebug|Any CPU
		{8DD0F6E8-5387-407F-B5EF-992C408342B0}.LocalDebug|ARM.ActiveCfg = LocalDebug|Any CPU
		{8DD0F6E8-5387-407F-B5EF-992C408342B0}.LocalDebug|Mixed Platforms.ActiveCfg = LocalDebug|Any CPU
		{8DD0F6E8-5387-407F-B5EF-992C408342B0}.LocalDebug|Mixed Platforms.Build.0 = LocalDebug|Any CPU
		{8DD0F6E8-5387-407F-B5EF-992C408342B0}.LocalDebug|x64.ActiveCfg = LocalDebug|Any CPU
		{8DD0F6E8-5387-407F-B5EF-992C408342B0}.LocalDebug|x86.ActiveCfg = LocalDebug|Any CPU
		{8DD0F6E8-5387-407F-B5EF-992C408342B0}.Release|Any CPU.ActiveCfg = Release|Any CPU
		{8DD0F6E8-5387-407F-B5EF-992C408342B0}.Release|Any CPU.Build.0 = Release|Any CPU
		{8DD0F6E8-5387-407F-B5EF-992C408342B0}.Release|ARM.ActiveCfg = Release|Any CPU
		{8DD0F6E8-5387-407F-B5EF-992C408342B0}.Release|Mixed Platforms.ActiveCfg = Release|Any CPU
		{8DD0F6E8-5387-407F-B5EF-992C408342B0}.Release|Mixed Platforms.Build.0 = Release|Any CPU
		{8DD0F6E8-5387-407F-B5EF-992C408342B0}.Release|x64.ActiveCfg = Release|Any CPU
		{8DD0F6E8-5387-407F-B5EF-992C408342B0}.Release|x86.ActiveCfg = Release|Any CPU
		{31381180-B243-4EB2-8E37-A5F9DE10E5E3}.Debug|Any CPU.ActiveCfg = Debug|Any CPU
		{31381180-B243-4EB2-8E37-A5F9DE10E5E3}.Debug|Any CPU.Build.0 = Debug|Any CPU
		{31381180-B243-4EB2-8E37-A5F9DE10E5E3}.Debug|ARM.ActiveCfg = Debug|Any CPU
		{31381180-B243-4EB2-8E37-A5F9DE10E5E3}.Debug|Mixed Platforms.ActiveCfg = Debug|Any CPU
		{31381180-B243-4EB2-8E37-A5F9DE10E5E3}.Debug|Mixed Platforms.Build.0 = Debug|Any CPU
		{31381180-B243-4EB2-8E37-A5F9DE10E5E3}.Debug|x64.ActiveCfg = Debug|Any CPU
		{31381180-B243-4EB2-8E37-A5F9DE10E5E3}.Debug|x86.ActiveCfg = Debug|Any CPU
		{31381180-B243-4EB2-8E37-A5F9DE10E5E3}.LocalDebug|Any CPU.ActiveCfg = Debug|Any CPU
		{31381180-B243-4EB2-8E37-A5F9DE10E5E3}.LocalDebug|Any CPU.Build.0 = Debug|Any CPU
		{31381180-B243-4EB2-8E37-A5F9DE10E5E3}.LocalDebug|ARM.ActiveCfg = Debug|Any CPU
		{31381180-B243-4EB2-8E37-A5F9DE10E5E3}.LocalDebug|Mixed Platforms.ActiveCfg = Debug|Any CPU
		{31381180-B243-4EB2-8E37-A5F9DE10E5E3}.LocalDebug|Mixed Platforms.Build.0 = Debug|Any CPU
		{31381180-B243-4EB2-8E37-A5F9DE10E5E3}.LocalDebug|x64.ActiveCfg = Debug|Any CPU
		{31381180-B243-4EB2-8E37-A5F9DE10E5E3}.LocalDebug|x86.ActiveCfg = Debug|Any CPU
		{31381180-B243-4EB2-8E37-A5F9DE10E5E3}.Release|Any CPU.ActiveCfg = Release|Any CPU
		{31381180-B243-4EB2-8E37-A5F9DE10E5E3}.Release|Any CPU.Build.0 = Release|Any CPU
		{31381180-B243-4EB2-8E37-A5F9DE10E5E3}.Release|ARM.ActiveCfg = Release|Any CPU
		{31381180-B243-4EB2-8E37-A5F9DE10E5E3}.Release|Mixed Platforms.ActiveCfg = Release|Any CPU
		{31381180-B243-4EB2-8E37-A5F9DE10E5E3}.Release|Mixed Platforms.Build.0 = Release|Any CPU
		{31381180-B243-4EB2-8E37-A5F9DE10E5E3}.Release|x64.ActiveCfg = Release|Any CPU
		{31381180-B243-4EB2-8E37-A5F9DE10E5E3}.Release|x86.ActiveCfg = Release|Any CPU
		{AA9F65DC-13D3-441A-99E2-FBAFE0C4CE9C}.Debug|Any CPU.ActiveCfg = Debug|Any CPU
		{AA9F65DC-13D3-441A-99E2-FBAFE0C4CE9C}.Debug|Any CPU.Build.0 = Debug|Any CPU
		{AA9F65DC-13D3-441A-99E2-FBAFE0C4CE9C}.Debug|ARM.ActiveCfg = Debug|Any CPU
		{AA9F65DC-13D3-441A-99E2-FBAFE0C4CE9C}.Debug|Mixed Platforms.ActiveCfg = Debug|Any CPU
		{AA9F65DC-13D3-441A-99E2-FBAFE0C4CE9C}.Debug|Mixed Platforms.Build.0 = Debug|Any CPU
		{AA9F65DC-13D3-441A-99E2-FBAFE0C4CE9C}.Debug|x64.ActiveCfg = Debug|Any CPU
		{AA9F65DC-13D3-441A-99E2-FBAFE0C4CE9C}.Debug|x86.ActiveCfg = Debug|Any CPU
		{AA9F65DC-13D3-441A-99E2-FBAFE0C4CE9C}.LocalDebug|Any CPU.ActiveCfg = Debug|Any CPU
		{AA9F65DC-13D3-441A-99E2-FBAFE0C4CE9C}.LocalDebug|Any CPU.Build.0 = Debug|Any CPU
		{AA9F65DC-13D3-441A-99E2-FBAFE0C4CE9C}.LocalDebug|ARM.ActiveCfg = Debug|Any CPU
		{AA9F65DC-13D3-441A-99E2-FBAFE0C4CE9C}.LocalDebug|Mixed Platforms.ActiveCfg = Debug|Any CPU
		{AA9F65DC-13D3-441A-99E2-FBAFE0C4CE9C}.LocalDebug|Mixed Platforms.Build.0 = Debug|Any CPU
		{AA9F65DC-13D3-441A-99E2-FBAFE0C4CE9C}.LocalDebug|x64.ActiveCfg = Debug|Any CPU
		{AA9F65DC-13D3-441A-99E2-FBAFE0C4CE9C}.LocalDebug|x86.ActiveCfg = Debug|Any CPU
		{AA9F65DC-13D3-441A-99E2-FBAFE0C4CE9C}.Release|Any CPU.ActiveCfg = Release|Any CPU
		{AA9F65DC-13D3-441A-99E2-FBAFE0C4CE9C}.Release|Any CPU.Build.0 = Release|Any CPU
		{AA9F65DC-13D3-441A-99E2-FBAFE0C4CE9C}.Release|ARM.ActiveCfg = Release|Any CPU
		{AA9F65DC-13D3-441A-99E2-FBAFE0C4CE9C}.Release|Mixed Platforms.ActiveCfg = Release|Any CPU
		{AA9F65DC-13D3-441A-99E2-FBAFE0C4CE9C}.Release|Mixed Platforms.Build.0 = Release|Any CPU
		{AA9F65DC-13D3-441A-99E2-FBAFE0C4CE9C}.Release|x64.ActiveCfg = Release|Any CPU
		{AA9F65DC-13D3-441A-99E2-FBAFE0C4CE9C}.Release|x86.ActiveCfg = Release|Any CPU
		{0754458A-7AFC-463A-B27D-2F6980522119}.Debug|Any CPU.ActiveCfg = Debug|Any CPU
		{0754458A-7AFC-463A-B27D-2F6980522119}.Debug|Any CPU.Build.0 = Debug|Any CPU
		{0754458A-7AFC-463A-B27D-2F6980522119}.Debug|ARM.ActiveCfg = Debug|Any CPU
		{0754458A-7AFC-463A-B27D-2F6980522119}.Debug|Mixed Platforms.ActiveCfg = Debug|Any CPU
		{0754458A-7AFC-463A-B27D-2F6980522119}.Debug|Mixed Platforms.Build.0 = Debug|Any CPU
		{0754458A-7AFC-463A-B27D-2F6980522119}.Debug|x64.ActiveCfg = Debug|Any CPU
		{0754458A-7AFC-463A-B27D-2F6980522119}.Debug|x86.ActiveCfg = Debug|Any CPU
		{0754458A-7AFC-463A-B27D-2F6980522119}.LocalDebug|Any CPU.ActiveCfg = Debug|Any CPU
		{0754458A-7AFC-463A-B27D-2F6980522119}.LocalDebug|Any CPU.Build.0 = Debug|Any CPU
		{0754458A-7AFC-463A-B27D-2F6980522119}.LocalDebug|ARM.ActiveCfg = Debug|Any CPU
		{0754458A-7AFC-463A-B27D-2F6980522119}.LocalDebug|Mixed Platforms.ActiveCfg = Debug|Any CPU
		{0754458A-7AFC-463A-B27D-2F6980522119}.LocalDebug|Mixed Platforms.Build.0 = Debug|Any CPU
		{0754458A-7AFC-463A-B27D-2F6980522119}.LocalDebug|x64.ActiveCfg = Debug|Any CPU
		{0754458A-7AFC-463A-B27D-2F6980522119}.LocalDebug|x86.ActiveCfg = Debug|Any CPU
		{0754458A-7AFC-463A-B27D-2F6980522119}.Release|Any CPU.ActiveCfg = Release|Any CPU
		{0754458A-7AFC-463A-B27D-2F6980522119}.Release|Any CPU.Build.0 = Release|Any CPU
		{0754458A-7AFC-463A-B27D-2F6980522119}.Release|ARM.ActiveCfg = Release|Any CPU
		{0754458A-7AFC-463A-B27D-2F6980522119}.Release|Mixed Platforms.ActiveCfg = Release|Any CPU
		{0754458A-7AFC-463A-B27D-2F6980522119}.Release|Mixed Platforms.Build.0 = Release|Any CPU
		{0754458A-7AFC-463A-B27D-2F6980522119}.Release|x64.ActiveCfg = Release|Any CPU
		{0754458A-7AFC-463A-B27D-2F6980522119}.Release|x86.ActiveCfg = Release|Any CPU
		{A0C34295-DA97-400C-B3CF-E3FC87391EBD}.Debug|Any CPU.ActiveCfg = Debug|x86
		{A0C34295-DA97-400C-B3CF-E3FC87391EBD}.Debug|ARM.ActiveCfg = Debug|ARM
		{A0C34295-DA97-400C-B3CF-E3FC87391EBD}.Debug|ARM.Build.0 = Debug|ARM
		{A0C34295-DA97-400C-B3CF-E3FC87391EBD}.Debug|ARM.Deploy.0 = Debug|ARM
		{A0C34295-DA97-400C-B3CF-E3FC87391EBD}.Debug|Mixed Platforms.ActiveCfg = Debug|x86
		{A0C34295-DA97-400C-B3CF-E3FC87391EBD}.Debug|Mixed Platforms.Build.0 = Debug|x86
		{A0C34295-DA97-400C-B3CF-E3FC87391EBD}.Debug|x64.ActiveCfg = Debug|x86
		{A0C34295-DA97-400C-B3CF-E3FC87391EBD}.Debug|x86.ActiveCfg = Debug|x86
		{A0C34295-DA97-400C-B3CF-E3FC87391EBD}.Debug|x86.Build.0 = Debug|x86
		{A0C34295-DA97-400C-B3CF-E3FC87391EBD}.Debug|x86.Deploy.0 = Debug|x86
		{A0C34295-DA97-400C-B3CF-E3FC87391EBD}.LocalDebug|Any CPU.ActiveCfg = Debug|x86
		{A0C34295-DA97-400C-B3CF-E3FC87391EBD}.LocalDebug|ARM.ActiveCfg = Debug|ARM
		{A0C34295-DA97-400C-B3CF-E3FC87391EBD}.LocalDebug|ARM.Build.0 = Debug|ARM
		{A0C34295-DA97-400C-B3CF-E3FC87391EBD}.LocalDebug|ARM.Deploy.0 = Debug|ARM
		{A0C34295-DA97-400C-B3CF-E3FC87391EBD}.LocalDebug|Mixed Platforms.ActiveCfg = Debug|x86
		{A0C34295-DA97-400C-B3CF-E3FC87391EBD}.LocalDebug|Mixed Platforms.Build.0 = Debug|x86
		{A0C34295-DA97-400C-B3CF-E3FC87391EBD}.LocalDebug|Mixed Platforms.Deploy.0 = Debug|x86
		{A0C34295-DA97-400C-B3CF-E3FC87391EBD}.LocalDebug|x64.ActiveCfg = Debug|x86
		{A0C34295-DA97-400C-B3CF-E3FC87391EBD}.LocalDebug|x86.ActiveCfg = Debug|x86
		{A0C34295-DA97-400C-B3CF-E3FC87391EBD}.LocalDebug|x86.Build.0 = Debug|x86
		{A0C34295-DA97-400C-B3CF-E3FC87391EBD}.LocalDebug|x86.Deploy.0 = Debug|x86
		{A0C34295-DA97-400C-B3CF-E3FC87391EBD}.Release|Any CPU.ActiveCfg = Release|x86
		{A0C34295-DA97-400C-B3CF-E3FC87391EBD}.Release|ARM.ActiveCfg = Release|ARM
		{A0C34295-DA97-400C-B3CF-E3FC87391EBD}.Release|ARM.Build.0 = Release|ARM
		{A0C34295-DA97-400C-B3CF-E3FC87391EBD}.Release|ARM.Deploy.0 = Release|ARM
		{A0C34295-DA97-400C-B3CF-E3FC87391EBD}.Release|Mixed Platforms.ActiveCfg = Release|x86
		{A0C34295-DA97-400C-B3CF-E3FC87391EBD}.Release|Mixed Platforms.Build.0 = Release|x86
		{A0C34295-DA97-400C-B3CF-E3FC87391EBD}.Release|x64.ActiveCfg = Release|x86
		{A0C34295-DA97-400C-B3CF-E3FC87391EBD}.Release|x86.ActiveCfg = Release|x86
		{A0C34295-DA97-400C-B3CF-E3FC87391EBD}.Release|x86.Build.0 = Release|x86
		{A0C34295-DA97-400C-B3CF-E3FC87391EBD}.Release|x86.Deploy.0 = Release|x86
		{5B98D3C8-D5CC-4844-A2EE-E9953F24D680}.Debug|Any CPU.ActiveCfg = Debug|Any CPU
		{5B98D3C8-D5CC-4844-A2EE-E9953F24D680}.Debug|Any CPU.Build.0 = Debug|Any CPU
		{5B98D3C8-D5CC-4844-A2EE-E9953F24D680}.Debug|ARM.ActiveCfg = Debug|Any CPU
		{5B98D3C8-D5CC-4844-A2EE-E9953F24D680}.Debug|Mixed Platforms.ActiveCfg = Debug|Any CPU
		{5B98D3C8-D5CC-4844-A2EE-E9953F24D680}.Debug|Mixed Platforms.Build.0 = Debug|Any CPU
		{5B98D3C8-D5CC-4844-A2EE-E9953F24D680}.Debug|x64.ActiveCfg = Debug|Any CPU
		{5B98D3C8-D5CC-4844-A2EE-E9953F24D680}.Debug|x86.ActiveCfg = Debug|Any CPU
		{5B98D3C8-D5CC-4844-A2EE-E9953F24D680}.LocalDebug|Any CPU.ActiveCfg = Debug|Any CPU
		{5B98D3C8-D5CC-4844-A2EE-E9953F24D680}.LocalDebug|Any CPU.Build.0 = Debug|Any CPU
		{5B98D3C8-D5CC-4844-A2EE-E9953F24D680}.LocalDebug|ARM.ActiveCfg = Debug|Any CPU
		{5B98D3C8-D5CC-4844-A2EE-E9953F24D680}.LocalDebug|Mixed Platforms.ActiveCfg = Debug|Any CPU
		{5B98D3C8-D5CC-4844-A2EE-E9953F24D680}.LocalDebug|Mixed Platforms.Build.0 = Debug|Any CPU
		{5B98D3C8-D5CC-4844-A2EE-E9953F24D680}.LocalDebug|x64.ActiveCfg = Debug|Any CPU
		{5B98D3C8-D5CC-4844-A2EE-E9953F24D680}.LocalDebug|x86.ActiveCfg = Debug|Any CPU
		{5B98D3C8-D5CC-4844-A2EE-E9953F24D680}.Release|Any CPU.ActiveCfg = Release|Any CPU
		{5B98D3C8-D5CC-4844-A2EE-E9953F24D680}.Release|Any CPU.Build.0 = Release|Any CPU
		{5B98D3C8-D5CC-4844-A2EE-E9953F24D680}.Release|ARM.ActiveCfg = Release|Any CPU
		{5B98D3C8-D5CC-4844-A2EE-E9953F24D680}.Release|Mixed Platforms.ActiveCfg = Release|Any CPU
		{5B98D3C8-D5CC-4844-A2EE-E9953F24D680}.Release|Mixed Platforms.Build.0 = Release|Any CPU
		{5B98D3C8-D5CC-4844-A2EE-E9953F24D680}.Release|x64.ActiveCfg = Release|Any CPU
		{5B98D3C8-D5CC-4844-A2EE-E9953F24D680}.Release|x86.ActiveCfg = Release|Any CPU
	EndGlobalSection
	GlobalSection(SolutionProperties) = preSolution
		HideSolutionNode = FALSE
	EndGlobalSection
	GlobalSection(NestedProjects) = preSolution
		{31381180-B243-4EB2-8E37-A5F9DE10E5E3} = {673D4544-2D4D-4B40-8B70-8F12EE528FC9}
		{A0C34295-DA97-400C-B3CF-E3FC87391EBD} = {673D4544-2D4D-4B40-8B70-8F12EE528FC9}
	EndGlobalSection
EndGlobal
